# THIS IS AN AUTOGENERATED FILE. DO NOT EDIT THIS FILE DIRECTLY.
# yarn lockfile v1


"@types/node@18.11.18":
  version "18.11.18"
  resolved "https://registry.yarnpkg.com/@types/node/-/node-18.11.18.tgz#8dfb97f0da23c2293e554c5a50d61ef134d7697f"
  integrity sha512-DHQpWGjyQKSHj3ebjFI/wRKcqQcdR+MoFBygntYOZytCqNfkd2ZC4ARDJ2DQqhjH5p85Nnd3jhUJIXrszFX/JA==

lepont@0.11.4:
  version "0.11.4"
  resolved "https://registry.yarnpkg.com/lepont/-/lepont-0.11.4.tgz#1becb261ebad998b4a91c01b143e5c1bc2288bc1"
  integrity sha512-ipCjHHzF1NkCbGJ5mg3+KkG2RPEKpHOQob6nFssjW/LioHkhzXdDoQ+eAx53FoQN6eZZSCD56Ht1ZFYRdNVu1g==

prettier@2.8.3:
  version "2.8.3"
  resolved "https://registry.yarnpkg.com/prettier/-/prettier-2.8.3.tgz#ab697b1d3dd46fb4626fbe2f543afe0cc98d8632"
  integrity sha512-tJ/oJ4amDihPoufT5sM0Z1SKEuKay8LfVAMlbbhnnkvt6BUserZylqo2PN+p9KeljLr0OHa2rXHU1T8reeoTrw==

rimraf@4.0.4:
  version "4.0.4"
  resolved "https://registry.yarnpkg.com/rimraf/-/rimraf-4.0.4.tgz#8d0a91709fdc294d40f59c773f63c44e8dc878f1"
  integrity sha512-R0hoVr9xTwemarQjoWlNt/nb5dEGVTBhVdkRmEX2zEkT8T6onH0XKiGjuaC7rNNj/gYzY2p4NVRJ3sjO1ascHQ==

typescript@4.9.4:
  version "4.9.4"
  resolved "https://registry.yarnpkg.com/typescript/-/typescript-4.9.4.tgz#a2a3d2756c079abda241d75f149df9d561091e78"
  integrity sha512-Uz+dTXYzxXXbsFpM86Wh3dKCxrQqUcVMxwU54orwlJjOpO3ao8L7j5lH+dWfTwgCwIuM9GQ2kvVotzYJMXTBZg==
