# THIS IS AN AUTOGENERATED FILE. DO NOT EDIT THIS FILE DIRECTLY.
# yarn lockfile v1


"@types/node@18.16.6":
  version "18.16.6"
  resolved "https://registry.yarnpkg.com/@types/node/-/node-18.16.6.tgz#d0ffffe201b253989b17ea157ddabec677a4f4fe"
  integrity sha512-N7KINmeB8IN3vRR8dhgHEp+YpWvGFcpDoh5XZ8jB5a00AdFKCKEyyGTOPTddUf4JqU1ZKTVxkOxakDvchNVI2Q==

balanced-match@^1.0.0:
  version "1.0.2"
  resolved "https://registry.yarnpkg.com/balanced-match/-/balanced-match-1.0.2.tgz#e83e3a7e3f300b34cb9d87f615fa0cbf357690ee"
  integrity sha512-3oSeUO0TMV67hN1AmbXsK4yaqU7tjiHlbxRDZOpH0KW9+CeX4bRAaX0Anxt0tx2MrpRpWwQaPwIlISEJhYU5Pw==

brace-expansion@^2.0.1:
  version "2.0.1"
  resolved "https://registry.yarnpkg.com/brace-expansion/-/brace-expansion-2.0.1.tgz#1edc459e0f0c548486ecf9fc99f2221364b9a0ae"
  integrity sha512-XnAIvQ8eM+kC6aULx6wuQiwVsnzsi9d3WxzV3FpWTGA19F621kwdbsAcFKXgKUHZWsy+mY6iL1sHTxWEFCytDA==
  dependencies:
    balanced-match "^1.0.0"

fs.realpath@^1.0.0:
  version "1.0.0"
  resolved "https://registry.yarnpkg.com/fs.realpath/-/fs.realpath-1.0.0.tgz#1504ad2523158caa40db4a2787cb01411994ea4f"
  integrity sha512-OO0pH2lK6a0hZnAdau5ItzHPI6pUlvI7jMVnxUQRtw4owF2wk8lOSabtGDCTP4Ggrg2MbGnWO9X8K1t4+fGMDw==

glob@^10.0.0:
  version "10.0.0"
  resolved "https://registry.yarnpkg.com/glob/-/glob-10.0.0.tgz#034ab2e93644ba702e769c3e0558143d3fbd1612"
  integrity sha512-zmp9ZDC6NpDNLujV2W2n+3lH+BafIVZ4/ct+Yj3BMZTH/+bgm/eVjHzeFLwxJrrIGgjjS2eiQLlpurHsNlEAtQ==
  dependencies:
    fs.realpath "^1.0.0"
    minimatch "^9.0.0"
    minipass "^5.0.0"
    path-scurry "^1.6.4"

lepont@0.11.4:
  version "0.11.4"
  resolved "https://registry.yarnpkg.com/lepont/-/lepont-0.11.4.tgz#1becb261ebad998b4a91c01b143e5c1bc2288bc1"
  integrity sha512-ipCjHHzF1NkCbGJ5mg3+KkG2RPEKpHOQob6nFssjW/LioHkhzXdDoQ+eAx53FoQN6eZZSCD56Ht1ZFYRdNVu1g==

lru-cache@^9.0.0:
  version "9.0.1"
  resolved "https://registry.yarnpkg.com/lru-cache/-/lru-cache-9.0.1.tgz#ac061ed291f8b9adaca2b085534bb1d3b61bef83"
  integrity sha512-C8QsKIN1UIXeOs3iWmiZ1lQY+EnKDojWd37fXy1aSbJvH4iSma1uy2OWuoB3m4SYRli5+CUjDv3Dij5DVoetmg==

minimatch@^9.0.0:
  version "9.0.0"
  resolved "https://registry.yarnpkg.com/minimatch/-/minimatch-9.0.0.tgz#bfc8e88a1c40ffd40c172ddac3decb8451503b56"
  integrity sha512-0jJj8AvgKqWN05mrwuqi8QYKx1WmYSUoKSxu5Qhs9prezTz10sxAHGNZe9J9cqIJzta8DWsleh2KaVaLl6Ru2w==
  dependencies:
    brace-expansion "^2.0.1"

minipass@^5.0.0:
  version "5.0.0"
  resolved "https://registry.yarnpkg.com/minipass/-/minipass-5.0.0.tgz#3e9788ffb90b694a5d0ec94479a45b5d8738133d"
  integrity sha512-3FnjYuehv9k6ovOEbyOswadCDPX1piCfhV8ncmYtHOjuPwylVWsghTLo7rabjC3Rx5xD4HDx8Wm1xnMF7S5qFQ==

path-scurry@^1.6.4:
  version "1.6.4"
  resolved "https://registry.yarnpkg.com/path-scurry/-/path-scurry-1.6.4.tgz#020a9449e5382a4acb684f9c7e1283bc5695de66"
  integrity sha512-Qp/9IHkdNiXJ3/Kon++At2nVpnhRiPq/aSvQN+H3U1WZbvNRK0RIQK/o4HMqPoXjpuGJUEWpHSs6Mnjxqh3TQg==
  dependencies:
    lru-cache "^9.0.0"
    minipass "^5.0.0"

prettier@2.8.8:
  version "2.8.8"
  resolved "https://registry.yarnpkg.com/prettier/-/prettier-2.8.8.tgz#e8c5d7e98a4305ffe3de2e1fc4aca1a71c28b1da"
  integrity sha512-tdN8qQGvNjw4CHbY+XXk0JgCXn9QiF21a55rBe5LJAU+kDyC4WQn4+awm2Xfk2lQMk5fKup9XgzTZtGkjBdP9Q==

rimraf@5.0.0:
  version "5.0.0"
  resolved "https://registry.yarnpkg.com/rimraf/-/rimraf-5.0.0.tgz#5bda14e410d7e4dd522154891395802ce032c2cb"
  integrity sha512-Jf9llaP+RvaEVS5nPShYFhtXIrb3LRKP281ib3So0KkeZKo2wIKyq0Re7TOSwanasA423PSr6CCIL4bP6T040g==
  dependencies:
    glob "^10.0.0"

typescript@5.0.4:
  version "5.0.4"
  resolved "https://registry.yarnpkg.com/typescript/-/typescript-5.0.4.tgz#b217fd20119bd61a94d4011274e0ab369058da3b"
  integrity sha512-cW9T5W9xY37cc+jfEnaUvX91foxtHkza3Nw3wkoF4sSlKn0MONdkdEndig/qPBWXNkmplh3NzayQzCiHM4/hqw==
