# THIS IS AN AUTOGENERATED FILE. DO NOT EDIT THIS FILE DIRECTLY.
# yarn lockfile v1


"@types/node@18.11.19":
  version "18.11.19"
  resolved "https://registry.yarnpkg.com/@types/node/-/node-18.11.19.tgz#35e26df9ec441ab99d73e99e9aca82935eea216d"
  integrity sha512-YUgMWAQBWLObABqrvx8qKO1enAvBUdjZOAWQ5grBAkp5LQv45jBvYKZ3oFS9iKRCQyFjqw6iuEa1vmFqtxYLZw==

lepont@0.11.4:
  version "0.11.4"
  resolved "https://registry.yarnpkg.com/lepont/-/lepont-0.11.4.tgz#1becb261ebad998b4a91c01b143e5c1bc2288bc1"
  integrity sha512-ipCjHHzF1NkCbGJ5mg3+KkG2RPEKpHOQob6nFssjW/LioHkhzXdDoQ+eAx53FoQN6eZZSCD56Ht1ZFYRdNVu1g==

prettier@2.8.4:
  version "2.8.4"
  resolved "https://registry.yarnpkg.com/prettier/-/prettier-2.8.4.tgz#34dd2595629bfbb79d344ac4a91ff948694463c3"
  integrity sha512-vIS4Rlc2FNh0BySk3Wkd6xmwxB0FpOndW5fisM5H8hsZSxU2VWVB5CWIkIjWvrHjIhxk2g3bfMKM87zNTrZddw==

rimraf@4.1.2:
  version "4.1.2"
  resolved "https://registry.yarnpkg.com/rimraf/-/rimraf-4.1.2.tgz#20dfbc98083bdfaa28b01183162885ef213dbf7c"
  integrity sha512-BlIbgFryTbw3Dz6hyoWFhKk+unCcHMSkZGrTFVAx2WmttdBSonsdtRlwiuTbDqTKr+UlXIUqJVS4QT5tUzGENQ==

typescript@4.9.5:
  version "4.9.5"
  resolved "https://registry.yarnpkg.com/typescript/-/typescript-4.9.5.tgz#095979f9bcc0d09da324d58d03ce8f8374cbe65a"
  integrity sha512-1FXk9E2Hm+QzZQ7z+McJiHL4NW1F2EzMu9Nq9i3zAaGqibafqYwCVU6WyWAuyQRRzOlxou8xZSyXLEN8oKj24g==
